
Microsoft Visual Studio Solution File, Format Version 12.00
# Visual Studio Version 16
VisualStudioVersion = 16.0.31005.135
MinimumVisualStudioVersion = 10.0.40219.1
Project("{FAE04EC0-301F-11D3-BF4B-00C04F79EFBC}") = "Final Project", "Final Project\Final Project.csproj", "{595A1DE0-793A-471D-9F30-4FBD0C817F65}"
EndProject
Global
	GlobalSection(SolutionConfigurationPlatforms) = preSolution
		Debug|Any CPU = Debug|Any CPU
		Release|Any CPU = Release|Any CPU
	EndGlobalSection
	GlobalSection(ProjectConfigurationPlatforms) = postSolution
		{595A1DE0-793A-471D-9F30-4FBD0C817F65}.Debug|Any CPU.ActiveCfg = Debug|Any CPU
		{595A1DE0-793A-471D-9F30-4FBD0C817F65}.Debug|Any CPU.Build.0 = Debug|Any CPU
		{595A1DE0-793A-471D-9F30-4FBD0C817F65}.Release|Any CPU.ActiveCfg = Release|Any CPU
		{595A1DE0-793A-471D-9F30-4FBD0C817F65}.Release|Any CPU.Build.0 = Release|Any CPU
	EndGlobalSection
	GlobalSection(SolutionProperties) = preSolution
		HideSolutionNode = FALSE
	EndGlobalSection
	GlobalSection(ExtensibilityGlobals) = postSolution
		SolutionGuid = {60905BE7-D28D-455A-B975-C62F3A96D13E}
	EndGlobalSection
EndGlobal
